
Microsoft Visual Studio Solution File, Format Version 12.00
# Visual Studio Version 16
VisualStudioVersion = 16.0.31911.196
MinimumVisualStudioVersion = 10.0.40219.1
Project("{FAE04EC0-301F-11D3-BF4B-00C04F79EFBC}") = "Kata3", "Kata3\Kata3.csproj", "{43734271-7549-4A70-9D38-B544A2F0AF2F}"
EndProject
Project("{FAE04EC0-301F-11D3-BF4B-00C04F79EFBC}") = "TestProject1", "TestProject1\TestProject1.csproj", "{9454444E-8987-4276-A032-735CF7590421}"
EndProject
Global
	GlobalSection(SolutionConfigurationPlatforms) = preSolution
		Debug|Any CPU = Debug|Any CPU
		Release|Any CPU = Release|Any CPU
	EndGlobalSection
	GlobalSection(ProjectConfigurationPlatforms) = postSolution
		{43734271-7549-4A70-9D38-B544A2F0AF2F}.Debug|Any CPU.ActiveCfg = Debug|Any CPU
		{43734271-7549-4A70-9D38-B544A2F0AF2F}.Debug|Any CPU.Build.0 = Debug|Any CPU
		{43734271-7549-4A70-9D38-B544A2F0AF2F}.Release|Any CPU.ActiveCfg = Release|Any CPU
		{43734271-7549-4A70-9D38-B544A2F0AF2F}.Release|Any CPU.Build.0 = Release|Any CPU
		{9454444E-8987-4276-A032-735CF7590421}.Debug|Any CPU.ActiveCfg = Debug|Any CPU
		{9454444E-8987-4276-A032-735CF7590421}.Debug|Any CPU.Build.0 = Debug|Any CPU
		{9454444E-8987-4276-A032-735CF7590421}.Release|Any CPU.ActiveCfg = Release|Any CPU
		{9454444E-8987-4276-A032-735CF7590421}.Release|Any CPU.Build.0 = Release|Any CPU
	EndGlobalSection
	GlobalSection(SolutionProperties) = preSolution
		HideSolutionNode = FALSE
	EndGlobalSection
	GlobalSection(ExtensibilityGlobals) = postSolution
		SolutionGuid = {41441560-0FC8-42E9-B6B5-70C161E7B7BA}
	EndGlobalSection
EndGlobal
